
Microsoft Visual Studio Solution File, Format Version 12.00
# Visual Studio Version 17
VisualStudioVersion = 17.6.33829.357
MinimumVisualStudioVersion = 10.0.40219.1
Project("{FAE04EC0-301F-11D3-BF4B-00C04F79EFBC}") = "TP2ApiRestP2", "TP2ApiRestP2\TP2ApiRestP2.csproj", "{412CEFB4-BE5B-41CF-AE11-DDCCE738A620}"
EndProject
Global
	GlobalSection(SolutionConfigurationPlatforms) = preSolution
		Debug|ARM64 = Debug|ARM64
		Debug|x64 = Debug|x64
		Debug|x86 = Debug|x86
		Release|ARM64 = Release|ARM64
		Release|x64 = Release|x64
		Release|x86 = Release|x86
	EndGlobalSection
	GlobalSection(ProjectConfigurationPlatforms) = postSolution
		{412CEFB4-BE5B-41CF-AE11-DDCCE738A620}.Debug|ARM64.ActiveCfg = Debug|ARM64
		{412CEFB4-BE5B-41CF-AE11-DDCCE738A620}.Debug|ARM64.Build.0 = Debug|ARM64
		{412CEFB4-BE5B-41CF-AE11-DDCCE738A620}.Debug|ARM64.Deploy.0 = Debug|ARM64
		{412CEFB4-BE5B-41CF-AE11-DDCCE738A620}.Debug|x64.ActiveCfg = Debug|x64
		{412CEFB4-BE5B-41CF-AE11-DDCCE738A620}.Debug|x64.Build.0 = Debug|x64
		{412CEFB4-BE5B-41CF-AE11-DDCCE738A620}.Debug|x64.Deploy.0 = Debug|x64
		{412CEFB4-BE5B-41CF-AE11-DDCCE738A620}.Debug|x86.ActiveCfg = Debug|x86
		{412CEFB4-BE5B-41CF-AE11-DDCCE738A620}.Debug|x86.Build.0 = Debug|x86
		{412CEFB4-BE5B-41CF-AE11-DDCCE738A620}.Debug|x86.Deploy.0 = Debug|x86
		{412CEFB4-BE5B-41CF-AE11-DDCCE738A620}.Release|ARM64.ActiveCfg = Release|ARM64
		{412CEFB4-BE5B-41CF-AE11-DDCCE738A620}.Release|ARM64.Build.0 = Release|ARM64
		{412CEFB4-BE5B-41CF-AE11-DDCCE738A620}.Release|ARM64.Deploy.0 = Release|ARM64
		{412CEFB4-BE5B-41CF-AE11-DDCCE738A620}.Release|x64.ActiveCfg = Release|x64
		{412CEFB4-BE5B-41CF-AE11-DDCCE738A620}.Release|x64.Build.0 = Release|x64
		{412CEFB4-BE5B-41CF-AE11-DDCCE738A620}.Release|x64.Deploy.0 = Release|x64
		{412CEFB4-BE5B-41CF-AE11-DDCCE738A620}.Release|x86.ActiveCfg = Release|x86
		{412CEFB4-BE5B-41CF-AE11-DDCCE738A620}.Release|x86.Build.0 = Release|x86
		{412CEFB4-BE5B-41CF-AE11-DDCCE738A620}.Release|x86.Deploy.0 = Release|x86
	EndGlobalSection
	GlobalSection(SolutionProperties) = preSolution
		HideSolutionNode = FALSE
	EndGlobalSection
	GlobalSection(ExtensibilityGlobals) = postSolution
		SolutionGuid = {67F357EF-AFB5-470F-80F6-C527733340B9}
	EndGlobalSection
EndGlobal
